<?xml version="1.0" encoding="utf-8"?>
<Project ToolsVersion="4.0" xmlns="http://schemas.microsoft.com/developer/msbuild/2003">
  <ItemGroup>
    <Filter Include="Resources">
      <UniqueIdentifier>{67DA6AB6-F800-4c08-8B7A-83BB121AAD01}</UniqueIdentifier>
      <Extensions>rc;ico;cur;bmp;dlg;rc2;rct;bin;rgs;gif;jpg;jpeg;jpe;resx;tiff;tif;png;wav;mfcribbon-ms</Extensions>
    </Filter>
    <Filter Include="Source">
      <UniqueIdentifier>{aae4773f-28e0-4b78-9150-da6268ceb7dd}</UniqueIdentifier>
    </Filter>
    <Filter Include="Source\Private">
      <UniqueIdentifier>{4FC737F1-C7A5-4376-A066-2A32D752A2FF}</UniqueIdentifier>
      <Extensions>cpp;c;cc;cxx;c++;cppm;ixx;def;odl;idl;hpj;bat;asm;asmx</Extensions>
    </Filter>
    <Filter Include="Source\Public">
      <UniqueIdentifier>{93995380-89BD-4b04-88EB-625FBE52EBFB}</UniqueIdentifier>
      <Extensions>h;hh;hpp;hxx;h++;hm;inl;inc;ipp;xsd</Extensions>
    </Filter>
    <Filter Include="Source\pch">
      <UniqueIdentifier>{38f1b0c2-9cf0-435c-a824-6933f8789861}</UniqueIdentifier>
    </Filter>
    <Filter Include="Source\Private\Platform">
      <UniqueIdentifier>{8bc61b39-4782-4b58-bc10-f74d2cca7bed}</UniqueIdentifier>
    </Filter>
    <Filter Include="Source\Private\Platform\WIN_32">
      <UniqueIdentifier>{db62b2f0-82b6-43eb-887f-68c733706a93}</UniqueIdentifier>
    </Filter>
    <Filter Include="Source\Public\Platform">
      <UniqueIdentifier>{ac6c372b-f28e-44c0-bf9a-1c4fc1766526}</UniqueIdentifier>
    </Filter>
    <Filter Include="Source\Public\Platform\WIN_32">
      <UniqueIdentifier>{4092059f-d525-41cd-a4d7-14a5752a7ce3}</UniqueIdentifier>
    </Filter>
  </ItemGroup>
  <ItemGroup>
    <ClCompile Include="Source\JankEngine.cpp">
      <Filter>Source\pch</Filter>
    </ClCompile>
    <ClCompile Include="Source\Platform\WIN_32\IApplication.cpp">
      <Filter>Source\Private\Platform\WIN_32</Filter>
    </ClCompile>
  </ItemGroup>
  <ItemGroup>
    <ClInclude Include="Source\JankEngine.h">
      <Filter>Source\pch</Filter>
    </ClInclude>
    <ClInclude Include="Source\Platform\WIN_32\IApplication.h">
      <Filter>Source\Public\Platform\WIN_32</Filter>
    </ClInclude>
    <ClInclude Include="Source\Platform\WIN_32\WinEntry.h">
      <Filter>Source\Public\Platform\WIN_32</Filter>
    </ClInclude>
  </ItemGroup>
</Project>